
Microsoft Visual Studio Solution File, Format Version 12.00
# Visual Studio Version 17
VisualStudioVersion = 17.2.32616.157
MinimumVisualStudioVersion = 10.0.40219.1
Project("{FAE04EC0-301F-11D3-BF4B-00C04F79EFBC}") = "Givt.Platform.Payments.Stripe", "src\Givt.Platform.Payments.Stripe\Givt.Platform.Payments.Stripe.csproj", "{D7882A5F-2EEE-48D0-8BF4-1EB200B4379F}"
EndProject
Project("{2150E333-8FDC-42A3-9474-1A3956D46DE8}") = "src", "src", "{26367E0E-EE40-467A-8E36-2749029D15B6}"
EndProject
Global
	GlobalSection(SolutionConfigurationPlatforms) = preSolution
		Debug|Any CPU = Debug|Any CPU
		Release|Any CPU = Release|Any CPU
	EndGlobalSection
	GlobalSection(ProjectConfigurationPlatforms) = postSolution
		{D7882A5F-2EEE-48D0-8BF4-1EB200B4379F}.Debug|Any CPU.ActiveCfg = Debug|Any CPU
		{D7882A5F-2EEE-48D0-8BF4-1EB200B4379F}.Debug|Any CPU.Build.0 = Debug|Any CPU
		{D7882A5F-2EEE-48D0-8BF4-1EB200B4379F}.Release|Any CPU.ActiveCfg = Release|Any CPU
		{D7882A5F-2EEE-48D0-8BF4-1EB200B4379F}.Release|Any CPU.Build.0 = Release|Any CPU
	EndGlobalSection
	GlobalSection(SolutionProperties) = preSolution
		HideSolutionNode = FALSE
	EndGlobalSection
	GlobalSection(NestedProjects) = preSolution
		{D7882A5F-2EEE-48D0-8BF4-1EB200B4379F} = {26367E0E-EE40-467A-8E36-2749029D15B6}
	EndGlobalSection
	GlobalSection(ExtensibilityGlobals) = postSolution
		SolutionGuid = {76EAE9B9-F703-4B27-B52F-018CB2F11E8F}
	EndGlobalSection
EndGlobal
